# This file is automatically @generated by Poetry 1.8.4 and should not be changed by hand.

[[package]]
name = "sqlglot"
version = "26.0.1"
description = "An easily customizable SQL parser and transpiler"
optional = false
python-versions = ">=3.7"
files = [
    {file = "sqlglot-26.0.1-py3-none-any.whl", hash = "sha256:ced4967ce3a4a713d35e2037492fbe1a5187936fdfbd72d7b9ace7815c2d2225"},
    {file = "sqlglot-26.0.1.tar.gz", hash = "sha256:588cde7739029fda310fb7dd49afdc0a20b79e760e4cd6d5e1cd083e7e458b90"},
]

[package.extras]
dev = ["duckdb (>=0.6)", "maturin (>=1.4,<2.0)", "mypy", "pandas", "pandas-stubs", "pdoc", "pre-commit", "python-dateutil", "pytz", "ruff (==0.7.2)", "types-python-dateutil", "types-pytz", "typing-extensions"]
rs = ["sqlglotrs (==0.3.0)"]

[metadata]
lock-version = "2.0"
python-versions = "^3.12"
content-hash = "dc24d0dd3a413de56602da7db1d20c46bb34ba3d41e56fa966ec688915898794"
